{
  "name": "placeholder",
  "version": "0.0.1",
  "lockfileVersion": 1,
  "requires": true,
  "dependencies": {
    "eslint-config-prettier": {
      "version": "2.9.0",
      "resolved": "https://registry.npmjs.org/eslint-config-prettier/-/eslint-config-prettier-2.9.0.tgz",
      "integrity": "sha512-ag8YEyBXsm3nmOv1Hz991VtNNDMRa+MNy8cY47Pl4bw6iuzqKbJajXdqUpiw13STdLLrznxgm1hj9NhxeOYq0A==",
      "dev": true,
      "requires": {
        "get-stdin": "5.0.1"
      }
    },
    "eslint-plugin-flowtype": {
      "version": "2.49.3",
      "resolved": "https://registry.npmjs.org/eslint-plugin-flowtype/-/eslint-plugin-flowtype-2.49.3.tgz",
      "integrity": "sha512-wO0S4QbXPReKtydxbY5A0UieOaF9jBO5BMuxYPQOTa082JCpKEoC7+o3fnKsVVycwX47lvqLiUGRsWauCiA9aw==",
      "dev": true,
      "requires": {
        "lodash": "4.17.10"
      }
    },
    "get-stdin": {
      "version": "5.0.1",
      "resolved": "https://registry.npmjs.org/get-stdin/-/get-stdin-5.0.1.tgz",
      "integrity": "sha1-Ei4WFZHiH/TFJTAwVpPyDmOTo5g=",
      "dev": true
    },
    "lodash": {
      "version": "4.17.10",
      "resolved": "https://registry.npmjs.org/lodash/-/lodash-4.17.10.tgz",
      "integrity": "sha512-UejweD1pDoXu+AD825lWwp4ZGtSwgnpZxb3JDViD7StjQz+Nb/6l093lx4OQ0foGWNRoc19mWy7BzL+UAK2iVg==",
      "dev": true
    }
  }
}
